
Microsoft Visual Studio Solution File, Format Version 11.00
# Visual Studio 2010
Project("{FAE04EC0-301F-11D3-BF4B-00C04F79EFBC}") = "Project Resources", "Project Resources\Project Resources.csproj", "{66D1A8C9-E105-483E-842C-395FD0FB9184}"
EndProject
Project("{FAE04EC0-301F-11D3-BF4B-00C04F79EFBC}") = "Project List", "Project List\Project List.csproj", "{7584C5A2-0161-4943-B73F-1B0C4D7EB292}"
	ProjectSection(ProjectDependencies) = postProject
		{66D1A8C9-E105-483E-842C-395FD0FB9184} = {66D1A8C9-E105-483E-842C-395FD0FB9184}
	EndProjectSection
EndProject
Project("{FAE04EC0-301F-11D3-BF4B-00C04F79EFBC}") = "Project Status", "Project Status\Project Status.csproj", "{FFB474E9-7459-4B9E-AACF-878D5AEBD269}"
	ProjectSection(ProjectDependencies) = postProject
		{7584C5A2-0161-4943-B73F-1B0C4D7EB292} = {7584C5A2-0161-4943-B73F-1B0C4D7EB292}
		{66D1A8C9-E105-483E-842C-395FD0FB9184} = {66D1A8C9-E105-483E-842C-395FD0FB9184}
	EndProjectSection
EndProject
Project("{FAE04EC0-301F-11D3-BF4B-00C04F79EFBC}") = "Style Web Parts", "Style Web Parts\Style Web Parts.csproj", "{665C4286-AD3C-45C3-8A21-50DC0353EDC4}"
EndProject
Project("{FAE04EC0-301F-11D3-BF4B-00C04F79EFBC}") = "Project Documents", "Project Documents\Project Documents.csproj", "{0C19411A-4660-4278-9A0F-3F6C2F669636}"
	ProjectSection(ProjectDependencies) = postProject
		{7584C5A2-0161-4943-B73F-1B0C4D7EB292} = {7584C5A2-0161-4943-B73F-1B0C4D7EB292}
		{66D1A8C9-E105-483E-842C-395FD0FB9184} = {66D1A8C9-E105-483E-842C-395FD0FB9184}
		{FFB474E9-7459-4B9E-AACF-878D5AEBD269} = {FFB474E9-7459-4B9E-AACF-878D5AEBD269}
	EndProjectSection
EndProject
Project("{FAE04EC0-301F-11D3-BF4B-00C04F79EFBC}") = "Site Utility", "Site Utility\Site Utility.csproj", "{FB2FE645-0886-4054-967A-504422117DA5}"
EndProject
Project("{FAE04EC0-301F-11D3-BF4B-00C04F79EFBC}") = "Project Events Receiver", "Project Events Receiver\Project Events Receiver.csproj", "{D4D493A5-4FBB-4460-A7DC-84F9FF77CFF1}"
EndProject
Project("{FAE04EC0-301F-11D3-BF4B-00C04F79EFBC}") = "News Events Receiver", "News Events Receiver\News Events Receiver.csproj", "{B32BAFDD-A0BE-4C48-8686-6F9A0DB4D5C5}"
EndProject
Project("{FAE04EC0-301F-11D3-BF4B-00C04F79EFBC}") = "News Carousel", "News Carousel\News Carousel.csproj", "{75259C3D-CB5C-4A68-8511-60F7E50E2A0B}"
EndProject
Project("{FAE04EC0-301F-11D3-BF4B-00C04F79EFBC}") = "Site Groups", "Site Groups\Site Groups.csproj", "{116FFFD0-8625-4C51-89F7-87F3844A4980}"
EndProject
Project("{FAE04EC0-301F-11D3-BF4B-00C04F79EFBC}") = "Site Users Web Application", "Site Users Web Application\Site Users Web Application.csproj", "{43C6C3C0-94BA-447E-BBAB-06CBCEB11585}"
EndProject
Project("{2150E333-8FDC-42A3-9474-1A3956D46DE8}") = "Solution Items", "Solution Items", "{C4D900A7-56FF-4858-9A04-C18C44AAE77F}"
	ProjectSection(SolutionItems) = preProject
		README.md = README.md
	EndProjectSection
EndProject
Project("{FAE04EC0-301F-11D3-BF4B-00C04F79EFBC}") = "List Folder Tree", "List Folder Tree\List Folder Tree.csproj", "{28AEDF1D-5381-4B2A-8795-AE203BE1F108}"
EndProject
Project("{FAE04EC0-301F-11D3-BF4B-00C04F79EFBC}") = "List Attachment Dialog", "List Attachment Dialog\List Attachment Dialog.csproj", "{5D98210D-1764-4A6B-9DCE-2A65A4EF20FA}"
EndProject
Project("{FAE04EC0-301F-11D3-BF4B-00C04F79EFBC}") = "List Require Attachment", "List Require Attachment\List Require Attachment.csproj", "{7D638840-30D2-4BDD-B092-D0423D6F52B8}"
EndProject
Project("{FAE04EC0-301F-11D3-BF4B-00C04F79EFBC}") = "Project Workload", "Project Workload\Project Workload.csproj", "{75B4C127-63D3-400B-AD6A-6762C4AB54C6}"
EndProject
Project("{FAE04EC0-301F-11D3-BF4B-00C04F79EFBC}") = "Claim Providers", "Claim Providers\Claim Providers.csproj", "{C00EBC59-3CA4-4EED-B171-9DB3D23D00ED}"
EndProject
Project("{FAE04EC0-301F-11D3-BF4B-00C04F79EFBC}") = "Customized Fields", "Customized Fields\Customized Fields.csproj", "{68D820A1-0680-4F63-859D-93D2C96BDBD9}"
EndProject
Global
	GlobalSection(SolutionConfigurationPlatforms) = preSolution
		Debug|Any CPU = Debug|Any CPU
		Release|Any CPU = Release|Any CPU
	EndGlobalSection
	GlobalSection(ProjectConfigurationPlatforms) = postSolution
		{66D1A8C9-E105-483E-842C-395FD0FB9184}.Debug|Any CPU.ActiveCfg = Debug|Any CPU
		{66D1A8C9-E105-483E-842C-395FD0FB9184}.Debug|Any CPU.Build.0 = Debug|Any CPU
		{66D1A8C9-E105-483E-842C-395FD0FB9184}.Debug|Any CPU.Deploy.0 = Debug|Any CPU
		{66D1A8C9-E105-483E-842C-395FD0FB9184}.Release|Any CPU.ActiveCfg = Release|Any CPU
		{66D1A8C9-E105-483E-842C-395FD0FB9184}.Release|Any CPU.Build.0 = Release|Any CPU
		{66D1A8C9-E105-483E-842C-395FD0FB9184}.Release|Any CPU.Deploy.0 = Release|Any CPU
		{7584C5A2-0161-4943-B73F-1B0C4D7EB292}.Debug|Any CPU.ActiveCfg = Debug|Any CPU
		{7584C5A2-0161-4943-B73F-1B0C4D7EB292}.Debug|Any CPU.Build.0 = Debug|Any CPU
		{7584C5A2-0161-4943-B73F-1B0C4D7EB292}.Debug|Any CPU.Deploy.0 = Debug|Any CPU
		{7584C5A2-0161-4943-B73F-1B0C4D7EB292}.Release|Any CPU.ActiveCfg = Release|Any CPU
		{7584C5A2-0161-4943-B73F-1B0C4D7EB292}.Release|Any CPU.Build.0 = Release|Any CPU
		{7584C5A2-0161-4943-B73F-1B0C4D7EB292}.Release|Any CPU.Deploy.0 = Release|Any CPU
		{FFB474E9-7459-4B9E-AACF-878D5AEBD269}.Debug|Any CPU.ActiveCfg = Debug|Any CPU
		{FFB474E9-7459-4B9E-AACF-878D5AEBD269}.Debug|Any CPU.Build.0 = Debug|Any CPU
		{FFB474E9-7459-4B9E-AACF-878D5AEBD269}.Debug|Any CPU.Deploy.0 = Debug|Any CPU
		{FFB474E9-7459-4B9E-AACF-878D5AEBD269}.Release|Any CPU.ActiveCfg = Release|Any CPU
		{FFB474E9-7459-4B9E-AACF-878D5AEBD269}.Release|Any CPU.Build.0 = Release|Any CPU
		{FFB474E9-7459-4B9E-AACF-878D5AEBD269}.Release|Any CPU.Deploy.0 = Release|Any CPU
		{665C4286-AD3C-45C3-8A21-50DC0353EDC4}.Debug|Any CPU.ActiveCfg = Debug|Any CPU
		{665C4286-AD3C-45C3-8A21-50DC0353EDC4}.Debug|Any CPU.Build.0 = Debug|Any CPU
		{665C4286-AD3C-45C3-8A21-50DC0353EDC4}.Debug|Any CPU.Deploy.0 = Debug|Any CPU
		{665C4286-AD3C-45C3-8A21-50DC0353EDC4}.Release|Any CPU.ActiveCfg = Release|Any CPU
		{665C4286-AD3C-45C3-8A21-50DC0353EDC4}.Release|Any CPU.Build.0 = Release|Any CPU
		{665C4286-AD3C-45C3-8A21-50DC0353EDC4}.Release|Any CPU.Deploy.0 = Release|Any CPU
		{0C19411A-4660-4278-9A0F-3F6C2F669636}.Debug|Any CPU.ActiveCfg = Debug|Any CPU
		{0C19411A-4660-4278-9A0F-3F6C2F669636}.Debug|Any CPU.Build.0 = Debug|Any CPU
		{0C19411A-4660-4278-9A0F-3F6C2F669636}.Debug|Any CPU.Deploy.0 = Debug|Any CPU
		{0C19411A-4660-4278-9A0F-3F6C2F669636}.Release|Any CPU.ActiveCfg = Release|Any CPU
		{0C19411A-4660-4278-9A0F-3F6C2F669636}.Release|Any CPU.Build.0 = Release|Any CPU
		{0C19411A-4660-4278-9A0F-3F6C2F669636}.Release|Any CPU.Deploy.0 = Release|Any CPU
		{FB2FE645-0886-4054-967A-504422117DA5}.Debug|Any CPU.ActiveCfg = Debug|Any CPU
		{FB2FE645-0886-4054-967A-504422117DA5}.Debug|Any CPU.Build.0 = Debug|Any CPU
		{FB2FE645-0886-4054-967A-504422117DA5}.Debug|Any CPU.Deploy.0 = Debug|Any CPU
		{FB2FE645-0886-4054-967A-504422117DA5}.Release|Any CPU.ActiveCfg = Release|Any CPU
		{FB2FE645-0886-4054-967A-504422117DA5}.Release|Any CPU.Build.0 = Release|Any CPU
		{FB2FE645-0886-4054-967A-504422117DA5}.Release|Any CPU.Deploy.0 = Release|Any CPU
		{D4D493A5-4FBB-4460-A7DC-84F9FF77CFF1}.Debug|Any CPU.ActiveCfg = Debug|Any CPU
		{D4D493A5-4FBB-4460-A7DC-84F9FF77CFF1}.Debug|Any CPU.Build.0 = Debug|Any CPU
		{D4D493A5-4FBB-4460-A7DC-84F9FF77CFF1}.Debug|Any CPU.Deploy.0 = Debug|Any CPU
		{D4D493A5-4FBB-4460-A7DC-84F9FF77CFF1}.Release|Any CPU.ActiveCfg = Release|Any CPU
		{D4D493A5-4FBB-4460-A7DC-84F9FF77CFF1}.Release|Any CPU.Build.0 = Release|Any CPU
		{D4D493A5-4FBB-4460-A7DC-84F9FF77CFF1}.Release|Any CPU.Deploy.0 = Release|Any CPU
		{B32BAFDD-A0BE-4C48-8686-6F9A0DB4D5C5}.Debug|Any CPU.ActiveCfg = Debug|Any CPU
		{B32BAFDD-A0BE-4C48-8686-6F9A0DB4D5C5}.Debug|Any CPU.Build.0 = Debug|Any CPU
		{B32BAFDD-A0BE-4C48-8686-6F9A0DB4D5C5}.Debug|Any CPU.Deploy.0 = Debug|Any CPU
		{B32BAFDD-A0BE-4C48-8686-6F9A0DB4D5C5}.Release|Any CPU.ActiveCfg = Release|Any CPU
		{B32BAFDD-A0BE-4C48-8686-6F9A0DB4D5C5}.Release|Any CPU.Build.0 = Release|Any CPU
		{B32BAFDD-A0BE-4C48-8686-6F9A0DB4D5C5}.Release|Any CPU.Deploy.0 = Release|Any CPU
		{75259C3D-CB5C-4A68-8511-60F7E50E2A0B}.Debug|Any CPU.ActiveCfg = Debug|Any CPU
		{75259C3D-CB5C-4A68-8511-60F7E50E2A0B}.Debug|Any CPU.Build.0 = Debug|Any CPU
		{75259C3D-CB5C-4A68-8511-60F7E50E2A0B}.Debug|Any CPU.Deploy.0 = Debug|Any CPU
		{75259C3D-CB5C-4A68-8511-60F7E50E2A0B}.Release|Any CPU.ActiveCfg = Release|Any CPU
		{75259C3D-CB5C-4A68-8511-60F7E50E2A0B}.Release|Any CPU.Build.0 = Release|Any CPU
		{75259C3D-CB5C-4A68-8511-60F7E50E2A0B}.Release|Any CPU.Deploy.0 = Release|Any CPU
		{116FFFD0-8625-4C51-89F7-87F3844A4980}.Debug|Any CPU.ActiveCfg = Debug|Any CPU
		{116FFFD0-8625-4C51-89F7-87F3844A4980}.Debug|Any CPU.Build.0 = Debug|Any CPU
		{116FFFD0-8625-4C51-89F7-87F3844A4980}.Debug|Any CPU.Deploy.0 = Debug|Any CPU
		{116FFFD0-8625-4C51-89F7-87F3844A4980}.Release|Any CPU.ActiveCfg = Release|Any CPU
		{116FFFD0-8625-4C51-89F7-87F3844A4980}.Release|Any CPU.Build.0 = Release|Any CPU
		{116FFFD0-8625-4C51-89F7-87F3844A4980}.Release|Any CPU.Deploy.0 = Release|Any CPU
		{43C6C3C0-94BA-447E-BBAB-06CBCEB11585}.Debug|Any CPU.ActiveCfg = Debug|Any CPU
		{43C6C3C0-94BA-447E-BBAB-06CBCEB11585}.Debug|Any CPU.Build.0 = Debug|Any CPU
		{43C6C3C0-94BA-447E-BBAB-06CBCEB11585}.Release|Any CPU.ActiveCfg = Release|Any CPU
		{43C6C3C0-94BA-447E-BBAB-06CBCEB11585}.Release|Any CPU.Build.0 = Release|Any CPU
		{28AEDF1D-5381-4B2A-8795-AE203BE1F108}.Debug|Any CPU.ActiveCfg = Debug|Any CPU
		{28AEDF1D-5381-4B2A-8795-AE203BE1F108}.Debug|Any CPU.Build.0 = Debug|Any CPU
		{28AEDF1D-5381-4B2A-8795-AE203BE1F108}.Debug|Any CPU.Deploy.0 = Debug|Any CPU
		{28AEDF1D-5381-4B2A-8795-AE203BE1F108}.Release|Any CPU.ActiveCfg = Release|Any CPU
		{28AEDF1D-5381-4B2A-8795-AE203BE1F108}.Release|Any CPU.Build.0 = Release|Any CPU
		{28AEDF1D-5381-4B2A-8795-AE203BE1F108}.Release|Any CPU.Deploy.0 = Release|Any CPU
		{5D98210D-1764-4A6B-9DCE-2A65A4EF20FA}.Debug|Any CPU.ActiveCfg = Debug|Any CPU
		{5D98210D-1764-4A6B-9DCE-2A65A4EF20FA}.Debug|Any CPU.Build.0 = Debug|Any CPU
		{5D98210D-1764-4A6B-9DCE-2A65A4EF20FA}.Debug|Any CPU.Deploy.0 = Debug|Any CPU
		{5D98210D-1764-4A6B-9DCE-2A65A4EF20FA}.Release|Any CPU.ActiveCfg = Release|Any CPU
		{5D98210D-1764-4A6B-9DCE-2A65A4EF20FA}.Release|Any CPU.Build.0 = Release|Any CPU
		{5D98210D-1764-4A6B-9DCE-2A65A4EF20FA}.Release|Any CPU.Deploy.0 = Release|Any CPU
		{7D638840-30D2-4BDD-B092-D0423D6F52B8}.Debug|Any CPU.ActiveCfg = Debug|Any CPU
		{7D638840-30D2-4BDD-B092-D0423D6F52B8}.Debug|Any CPU.Build.0 = Debug|Any CPU
		{7D638840-30D2-4BDD-B092-D0423D6F52B8}.Debug|Any CPU.Deploy.0 = Debug|Any CPU
		{7D638840-30D2-4BDD-B092-D0423D6F52B8}.Release|Any CPU.ActiveCfg = Release|Any CPU
		{7D638840-30D2-4BDD-B092-D0423D6F52B8}.Release|Any CPU.Build.0 = Release|Any CPU
		{7D638840-30D2-4BDD-B092-D0423D6F52B8}.Release|Any CPU.Deploy.0 = Release|Any CPU
		{75B4C127-63D3-400B-AD6A-6762C4AB54C6}.Debug|Any CPU.ActiveCfg = Debug|Any CPU
		{75B4C127-63D3-400B-AD6A-6762C4AB54C6}.Debug|Any CPU.Build.0 = Debug|Any CPU
		{75B4C127-63D3-400B-AD6A-6762C4AB54C6}.Debug|Any CPU.Deploy.0 = Debug|Any CPU
		{75B4C127-63D3-400B-AD6A-6762C4AB54C6}.Release|Any CPU.ActiveCfg = Release|Any CPU
		{75B4C127-63D3-400B-AD6A-6762C4AB54C6}.Release|Any CPU.Build.0 = Release|Any CPU
		{75B4C127-63D3-400B-AD6A-6762C4AB54C6}.Release|Any CPU.Deploy.0 = Release|Any CPU
		{C00EBC59-3CA4-4EED-B171-9DB3D23D00ED}.Debug|Any CPU.ActiveCfg = Debug|Any CPU
		{C00EBC59-3CA4-4EED-B171-9DB3D23D00ED}.Debug|Any CPU.Build.0 = Debug|Any CPU
		{C00EBC59-3CA4-4EED-B171-9DB3D23D00ED}.Debug|Any CPU.Deploy.0 = Debug|Any CPU
		{C00EBC59-3CA4-4EED-B171-9DB3D23D00ED}.Release|Any CPU.ActiveCfg = Release|Any CPU
		{C00EBC59-3CA4-4EED-B171-9DB3D23D00ED}.Release|Any CPU.Build.0 = Release|Any CPU
		{C00EBC59-3CA4-4EED-B171-9DB3D23D00ED}.Release|Any CPU.Deploy.0 = Release|Any CPU
		{68D820A1-0680-4F63-859D-93D2C96BDBD9}.Debug|Any CPU.ActiveCfg = Debug|Any CPU
		{68D820A1-0680-4F63-859D-93D2C96BDBD9}.Debug|Any CPU.Build.0 = Debug|Any CPU
		{68D820A1-0680-4F63-859D-93D2C96BDBD9}.Debug|Any CPU.Deploy.0 = Debug|Any CPU
		{68D820A1-0680-4F63-859D-93D2C96BDBD9}.Release|Any CPU.ActiveCfg = Release|Any CPU
		{68D820A1-0680-4F63-859D-93D2C96BDBD9}.Release|Any CPU.Build.0 = Release|Any CPU
		{68D820A1-0680-4F63-859D-93D2C96BDBD9}.Release|Any CPU.Deploy.0 = Release|Any CPU
	EndGlobalSection
	GlobalSection(SolutionProperties) = preSolution
		HideSolutionNode = FALSE
	EndGlobalSection
EndGlobal
